
Microsoft Visual Studio Solution File, Format Version 12.00
# Visual Studio Version 17
VisualStudioVersion = 17.0.31903.59
MinimumVisualStudioVersion = 10.0.40219.1
Project("{FAE04EC0-301F-11D3-BF4B-00C04F79EFBC}") = "AdventOfCode2", "AdventOfCode2\AdventOfCode2.csproj", "{9A564B22-A1C5-4304-A07D-D45F33E9AEF9}"
EndProject
Global
	GlobalSection(SolutionConfigurationPlatforms) = preSolution
		Debug|Any CPU = Debug|Any CPU
		Release|Any CPU = Release|Any CPU
	EndGlobalSection
	GlobalSection(SolutionProperties) = preSolution
		HideSolutionNode = FALSE
	EndGlobalSection
	GlobalSection(ProjectConfigurationPlatforms) = postSolution
		{9A564B22-A1C5-4304-A07D-D45F33E9AEF9}.Debug|Any CPU.ActiveCfg = Debug|Any CPU
		{9A564B22-A1C5-4304-A07D-D45F33E9AEF9}.Debug|Any CPU.Build.0 = Debug|Any CPU
		{9A564B22-A1C5-4304-A07D-D45F33E9AEF9}.Release|Any CPU.ActiveCfg = Release|Any CPU
		{9A564B22-A1C5-4304-A07D-D45F33E9AEF9}.Release|Any CPU.Build.0 = Release|Any CPU
	EndGlobalSection
EndGlobal
